
Microsoft Visual Studio Solution File, Format Version 11.00
# Visual Studio 2010
Project("{FAE04EC0-301F-11D3-BF4B-00C04F79EFBC}") = "EHaskins.Frc.RobotEmulatorCLI", "EHaskins.FRC.RobotEmulatorCLI\EHaskins.Frc.RobotEmulatorCLI.csproj", "{36FFFA7E-1178-469E-BDBB-2144BA7561C2}"
EndProject
Project("{FAE04EC0-301F-11D3-BF4B-00C04F79EFBC}") = "Crc32", "Crc32\Crc32.csproj", "{8EF12C16-7E36-4320-B9C1-F96FC8E671F9}"
EndProject
Project("{FAE04EC0-301F-11D3-BF4B-00C04F79EFBC}") = "EHaskins.Utilities", "EHaskins.Utilities\EHaskins.Utilities.csproj", "{A0F0A322-5372-4040-9394-EC661859A4F1}"
EndProject
Project("{FAE04EC0-301F-11D3-BF4B-00C04F79EFBC}") = "EHaskins.Frc.DriverStationCli", "EHaskins.Frc.DriverStationCli\EHaskins.Frc.DriverStationCli.csproj", "{4CB395B8-F3BE-4138-B8C3-5A4DF4372964}"
EndProject
Project("{F184B08F-C81C-45F6-A57F-5ABD9991F28F}") = "EHaskins.Frc.Dashboard.Old", "EHaskins.Frc.Dashboard.Old\EHaskins.Frc.Dashboard.Old.vbproj", "{F2CABBC3-B84A-4A43-A0D6-D489C4CA2A08}"
EndProject
Project("{FAE04EC0-301F-11D3-BF4B-00C04F79EFBC}") = "EHaskins.Frc.Communication", "EHaskins.Frc.Communication\EHaskins.Frc.Communication.csproj", "{2FE2D3CB-42B0-40F7-87C7-E0C53D38BF34}"
EndProject
Project("{FAE04EC0-301F-11D3-BF4B-00C04F79EFBC}") = "EHaskins.Frc.Communication.Shared", "EHaskins.Frc.Communication.Shared\EHaskins.Frc.Communication.Shared.csproj", "{2EC93CB5-6694-4B03-8DCF-BEB31720F2AF}"
EndProject
Project("{FAE04EC0-301F-11D3-BF4B-00C04F79EFBC}") = "EHaskins.Next.RobotConfiguratorCli", "EHaskins.Next.RobotConfiguratorCli\EHaskins.Next.RobotConfiguratorCli.csproj", "{A11BAAEF-2A29-44D3-AB4A-077CF6A200A1}"
EndProject
Project("{FAE04EC0-301F-11D3-BF4B-00C04F79EFBC}") = "EHaskins.Frc.DriverStation", "EHaskins.Frc.DriverStation\EHaskins.Frc.DriverStation.csproj", "{0E74977B-481C-4A10-8DC7-2D3D12B9D408}"
EndProject
Project("{FAE04EC0-301F-11D3-BF4B-00C04F79EFBC}") = "EHaskins.Frc.NetBot", "EHaskins.Frc.NetBot\EHaskins.Frc.NetBot.csproj", "{2D9337FC-689C-4C8B-A6C2-28F5E8BEFBFA}"
EndProject
Project("{2150E333-8FDC-42A3-9474-1A3956D46DE8}") = "NetBot", "NetBot", "{A092082B-48A9-4CA2-B052-8D0A6B92E18F}"
EndProject
Project("{2150E333-8FDC-42A3-9474-1A3956D46DE8}") = "Library", "Library", "{DEFD0E92-F666-414E-A96A-6A98B020277C}"
EndProject
Project("{2150E333-8FDC-42A3-9474-1A3956D46DE8}") = "Cli", "Cli", "{5C0862DA-FB39-44CD-977E-50F93920C1DF}"
EndProject
Project("{FAE04EC0-301F-11D3-BF4B-00C04F79EFBC}") = "EHaskins.Frc.Communication.MF", "EHaskins.Frc.Communication.Shared\EHaskins.Frc.Communication.MF.csproj", "{33AFFFA7-3EA8-4FC1-B7E7-2735CEA102DA}"
EndProject
Global
	GlobalSection(SolutionConfigurationPlatforms) = preSolution
		Debug|Any CPU = Debug|Any CPU
		Debug|Mixed Platforms = Debug|Mixed Platforms
		Debug|x86 = Debug|x86
		Release|Any CPU = Release|Any CPU
		Release|Mixed Platforms = Release|Mixed Platforms
		Release|x86 = Release|x86
	EndGlobalSection
	GlobalSection(ProjectConfigurationPlatforms) = postSolution
		{36FFFA7E-1178-469E-BDBB-2144BA7561C2}.Debug|Any CPU.ActiveCfg = Debug|x86
		{36FFFA7E-1178-469E-BDBB-2144BA7561C2}.Debug|Mixed Platforms.ActiveCfg = Debug|x86
		{36FFFA7E-1178-469E-BDBB-2144BA7561C2}.Debug|Mixed Platforms.Build.0 = Debug|x86
		{36FFFA7E-1178-469E-BDBB-2144BA7561C2}.Debug|x86.ActiveCfg = Debug|x86
		{36FFFA7E-1178-469E-BDBB-2144BA7561C2}.Debug|x86.Build.0 = Debug|x86
		{36FFFA7E-1178-469E-BDBB-2144BA7561C2}.Release|Any CPU.ActiveCfg = Release|x86
		{36FFFA7E-1178-469E-BDBB-2144BA7561C2}.Release|Mixed Platforms.ActiveCfg = Release|x86
		{36FFFA7E-1178-469E-BDBB-2144BA7561C2}.Release|Mixed Platforms.Build.0 = Release|x86
		{36FFFA7E-1178-469E-BDBB-2144BA7561C2}.Release|x86.ActiveCfg = Release|x86
		{36FFFA7E-1178-469E-BDBB-2144BA7561C2}.Release|x86.Build.0 = Release|x86
		{8EF12C16-7E36-4320-B9C1-F96FC8E671F9}.Debug|Any CPU.ActiveCfg = Debug|Any CPU
		{8EF12C16-7E36-4320-B9C1-F96FC8E671F9}.Debug|Any CPU.Build.0 = Debug|Any CPU
		{8EF12C16-7E36-4320-B9C1-F96FC8E671F9}.Debug|Mixed Platforms.ActiveCfg = Debug|x86
		{8EF12C16-7E36-4320-B9C1-F96FC8E671F9}.Debug|Mixed Platforms.Build.0 = Debug|x86
		{8EF12C16-7E36-4320-B9C1-F96FC8E671F9}.Debug|x86.ActiveCfg = Debug|x86
		{8EF12C16-7E36-4320-B9C1-F96FC8E671F9}.Debug|x86.Build.0 = Debug|x86
		{8EF12C16-7E36-4320-B9C1-F96FC8E671F9}.Release|Any CPU.ActiveCfg = Release|Any CPU
		{8EF12C16-7E36-4320-B9C1-F96FC8E671F9}.Release|Any CPU.Build.0 = Release|Any CPU
		{8EF12C16-7E36-4320-B9C1-F96FC8E671F9}.Release|Mixed Platforms.ActiveCfg = Release|x86
		{8EF12C16-7E36-4320-B9C1-F96FC8E671F9}.Release|Mixed Platforms.Build.0 = Release|x86
		{8EF12C16-7E36-4320-B9C1-F96FC8E671F9}.Release|x86.ActiveCfg = Release|x86
		{8EF12C16-7E36-4320-B9C1-F96FC8E671F9}.Release|x86.Build.0 = Release|x86
		{A0F0A322-5372-4040-9394-EC661859A4F1}.Debug|Any CPU.ActiveCfg = Debug|Any CPU
		{A0F0A322-5372-4040-9394-EC661859A4F1}.Debug|Any CPU.Build.0 = Debug|Any CPU
		{A0F0A322-5372-4040-9394-EC661859A4F1}.Debug|Mixed Platforms.ActiveCfg = Debug|x86
		{A0F0A322-5372-4040-9394-EC661859A4F1}.Debug|Mixed Platforms.Build.0 = Debug|x86
		{A0F0A322-5372-4040-9394-EC661859A4F1}.Debug|x86.ActiveCfg = Debug|x86
		{A0F0A322-5372-4040-9394-EC661859A4F1}.Debug|x86.Build.0 = Debug|x86
		{A0F0A322-5372-4040-9394-EC661859A4F1}.Release|Any CPU.ActiveCfg = Release|Any CPU
		{A0F0A322-5372-4040-9394-EC661859A4F1}.Release|Any CPU.Build.0 = Release|Any CPU
		{A0F0A322-5372-4040-9394-EC661859A4F1}.Release|Mixed Platforms.ActiveCfg = Release|x86
		{A0F0A322-5372-4040-9394-EC661859A4F1}.Release|Mixed Platforms.Build.0 = Release|x86
		{A0F0A322-5372-4040-9394-EC661859A4F1}.Release|x86.ActiveCfg = Release|x86
		{A0F0A322-5372-4040-9394-EC661859A4F1}.Release|x86.Build.0 = Release|x86
		{4CB395B8-F3BE-4138-B8C3-5A4DF4372964}.Debug|Any CPU.ActiveCfg = Debug|x86
		{4CB395B8-F3BE-4138-B8C3-5A4DF4372964}.Debug|Mixed Platforms.ActiveCfg = Debug|x86
		{4CB395B8-F3BE-4138-B8C3-5A4DF4372964}.Debug|Mixed Platforms.Build.0 = Debug|x86
		{4CB395B8-F3BE-4138-B8C3-5A4DF4372964}.Debug|x86.ActiveCfg = Debug|x86
		{4CB395B8-F3BE-4138-B8C3-5A4DF4372964}.Debug|x86.Build.0 = Debug|x86
		{4CB395B8-F3BE-4138-B8C3-5A4DF4372964}.Release|Any CPU.ActiveCfg = Release|x86
		{4CB395B8-F3BE-4138-B8C3-5A4DF4372964}.Release|Mixed Platforms.ActiveCfg = Release|x86
		{4CB395B8-F3BE-4138-B8C3-5A4DF4372964}.Release|Mixed Platforms.Build.0 = Release|x86
		{4CB395B8-F3BE-4138-B8C3-5A4DF4372964}.Release|x86.ActiveCfg = Release|x86
		{4CB395B8-F3BE-4138-B8C3-5A4DF4372964}.Release|x86.Build.0 = Release|x86
		{F2CABBC3-B84A-4A43-A0D6-D489C4CA2A08}.Debug|Any CPU.ActiveCfg = Debug|Any CPU
		{F2CABBC3-B84A-4A43-A0D6-D489C4CA2A08}.Debug|Any CPU.Build.0 = Debug|Any CPU
		{F2CABBC3-B84A-4A43-A0D6-D489C4CA2A08}.Debug|Mixed Platforms.ActiveCfg = Debug|x86
		{F2CABBC3-B84A-4A43-A0D6-D489C4CA2A08}.Debug|Mixed Platforms.Build.0 = Debug|x86
		{F2CABBC3-B84A-4A43-A0D6-D489C4CA2A08}.Debug|x86.ActiveCfg = Debug|x86
		{F2CABBC3-B84A-4A43-A0D6-D489C4CA2A08}.Debug|x86.Build.0 = Debug|x86
		{F2CABBC3-B84A-4A43-A0D6-D489C4CA2A08}.Release|Any CPU.ActiveCfg = Release|Any CPU
		{F2CABBC3-B84A-4A43-A0D6-D489C4CA2A08}.Release|Any CPU.Build.0 = Release|Any CPU
		{F2CABBC3-B84A-4A43-A0D6-D489C4CA2A08}.Release|Mixed Platforms.ActiveCfg = Release|x86
		{F2CABBC3-B84A-4A43-A0D6-D489C4CA2A08}.Release|Mixed Platforms.Build.0 = Release|x86
		{F2CABBC3-B84A-4A43-A0D6-D489C4CA2A08}.Release|x86.ActiveCfg = Release|x86
		{F2CABBC3-B84A-4A43-A0D6-D489C4CA2A08}.Release|x86.Build.0 = Release|x86
		{2FE2D3CB-42B0-40F7-87C7-E0C53D38BF34}.Debug|Any CPU.ActiveCfg = Debug|Any CPU
		{2FE2D3CB-42B0-40F7-87C7-E0C53D38BF34}.Debug|Any CPU.Build.0 = Debug|Any CPU
		{2FE2D3CB-42B0-40F7-87C7-E0C53D38BF34}.Debug|Mixed Platforms.ActiveCfg = Debug|Any CPU
		{2FE2D3CB-42B0-40F7-87C7-E0C53D38BF34}.Debug|Mixed Platforms.Build.0 = Debug|Any CPU
		{2FE2D3CB-42B0-40F7-87C7-E0C53D38BF34}.Debug|x86.ActiveCfg = Debug|Any CPU
		{2FE2D3CB-42B0-40F7-87C7-E0C53D38BF34}.Release|Any CPU.ActiveCfg = Release|Any CPU
		{2FE2D3CB-42B0-40F7-87C7-E0C53D38BF34}.Release|Any CPU.Build.0 = Release|Any CPU
		{2FE2D3CB-42B0-40F7-87C7-E0C53D38BF34}.Release|Mixed Platforms.ActiveCfg = Release|Any CPU
		{2FE2D3CB-42B0-40F7-87C7-E0C53D38BF34}.Release|Mixed Platforms.Build.0 = Release|Any CPU
		{2FE2D3CB-42B0-40F7-87C7-E0C53D38BF34}.Release|x86.ActiveCfg = Release|Any CPU
		{2EC93CB5-6694-4B03-8DCF-BEB31720F2AF}.Debug|Any CPU.ActiveCfg = Debug|Any CPU
		{2EC93CB5-6694-4B03-8DCF-BEB31720F2AF}.Debug|Any CPU.Build.0 = Debug|Any CPU
		{2EC93CB5-6694-4B03-8DCF-BEB31720F2AF}.Debug|Mixed Platforms.ActiveCfg = Debug|Any CPU
		{2EC93CB5-6694-4B03-8DCF-BEB31720F2AF}.Debug|Mixed Platforms.Build.0 = Debug|Any CPU
		{2EC93CB5-6694-4B03-8DCF-BEB31720F2AF}.Debug|x86.ActiveCfg = Debug|Any CPU
		{2EC93CB5-6694-4B03-8DCF-BEB31720F2AF}.Release|Any CPU.ActiveCfg = Release|Any CPU
		{2EC93CB5-6694-4B03-8DCF-BEB31720F2AF}.Release|Any CPU.Build.0 = Release|Any CPU
		{2EC93CB5-6694-4B03-8DCF-BEB31720F2AF}.Release|Mixed Platforms.ActiveCfg = Release|Any CPU
		{2EC93CB5-6694-4B03-8DCF-BEB31720F2AF}.Release|Mixed Platforms.Build.0 = Release|Any CPU
		{2EC93CB5-6694-4B03-8DCF-BEB31720F2AF}.Release|x86.ActiveCfg = Release|Any CPU
		{A11BAAEF-2A29-44D3-AB4A-077CF6A200A1}.Debug|Any CPU.ActiveCfg = Debug|x86
		{A11BAAEF-2A29-44D3-AB4A-077CF6A200A1}.Debug|Mixed Platforms.ActiveCfg = Debug|x86
		{A11BAAEF-2A29-44D3-AB4A-077CF6A200A1}.Debug|Mixed Platforms.Build.0 = Debug|x86
		{A11BAAEF-2A29-44D3-AB4A-077CF6A200A1}.Debug|x86.ActiveCfg = Debug|x86
		{A11BAAEF-2A29-44D3-AB4A-077CF6A200A1}.Debug|x86.Build.0 = Debug|x86
		{A11BAAEF-2A29-44D3-AB4A-077CF6A200A1}.Release|Any CPU.ActiveCfg = Release|x86
		{A11BAAEF-2A29-44D3-AB4A-077CF6A200A1}.Release|Mixed Platforms.ActiveCfg = Release|x86
		{A11BAAEF-2A29-44D3-AB4A-077CF6A200A1}.Release|Mixed Platforms.Build.0 = Release|x86
		{A11BAAEF-2A29-44D3-AB4A-077CF6A200A1}.Release|x86.ActiveCfg = Release|x86
		{A11BAAEF-2A29-44D3-AB4A-077CF6A200A1}.Release|x86.Build.0 = Release|x86
		{0E74977B-481C-4A10-8DC7-2D3D12B9D408}.Debug|Any CPU.ActiveCfg = Debug|x86
		{0E74977B-481C-4A10-8DC7-2D3D12B9D408}.Debug|Mixed Platforms.ActiveCfg = Debug|x86
		{0E74977B-481C-4A10-8DC7-2D3D12B9D408}.Debug|Mixed Platforms.Build.0 = Debug|x86
		{0E74977B-481C-4A10-8DC7-2D3D12B9D408}.Debug|x86.ActiveCfg = Debug|x86
		{0E74977B-481C-4A10-8DC7-2D3D12B9D408}.Debug|x86.Build.0 = Debug|x86
		{0E74977B-481C-4A10-8DC7-2D3D12B9D408}.Release|Any CPU.ActiveCfg = Release|x86
		{0E74977B-481C-4A10-8DC7-2D3D12B9D408}.Release|Mixed Platforms.ActiveCfg = Release|x86
		{0E74977B-481C-4A10-8DC7-2D3D12B9D408}.Release|Mixed Platforms.Build.0 = Release|x86
		{0E74977B-481C-4A10-8DC7-2D3D12B9D408}.Release|x86.ActiveCfg = Release|x86
		{0E74977B-481C-4A10-8DC7-2D3D12B9D408}.Release|x86.Build.0 = Release|x86
		{2D9337FC-689C-4C8B-A6C2-28F5E8BEFBFA}.Debug|Any CPU.ActiveCfg = Debug|Any CPU
		{2D9337FC-689C-4C8B-A6C2-28F5E8BEFBFA}.Debug|Any CPU.Build.0 = Debug|Any CPU
		{2D9337FC-689C-4C8B-A6C2-28F5E8BEFBFA}.Debug|Any CPU.Deploy.0 = Debug|Any CPU
		{2D9337FC-689C-4C8B-A6C2-28F5E8BEFBFA}.Debug|Mixed Platforms.ActiveCfg = Debug|Any CPU
		{2D9337FC-689C-4C8B-A6C2-28F5E8BEFBFA}.Debug|Mixed Platforms.Build.0 = Debug|Any CPU
		{2D9337FC-689C-4C8B-A6C2-28F5E8BEFBFA}.Debug|Mixed Platforms.Deploy.0 = Debug|Any CPU
		{2D9337FC-689C-4C8B-A6C2-28F5E8BEFBFA}.Debug|x86.ActiveCfg = Debug|Any CPU
		{2D9337FC-689C-4C8B-A6C2-28F5E8BEFBFA}.Release|Any CPU.ActiveCfg = Release|Any CPU
		{2D9337FC-689C-4C8B-A6C2-28F5E8BEFBFA}.Release|Any CPU.Build.0 = Release|Any CPU
		{2D9337FC-689C-4C8B-A6C2-28F5E8BEFBFA}.Release|Any CPU.Deploy.0 = Release|Any CPU
		{2D9337FC-689C-4C8B-A6C2-28F5E8BEFBFA}.Release|Mixed Platforms.ActiveCfg = Release|Any CPU
		{2D9337FC-689C-4C8B-A6C2-28F5E8BEFBFA}.Release|Mixed Platforms.Build.0 = Release|Any CPU
		{2D9337FC-689C-4C8B-A6C2-28F5E8BEFBFA}.Release|Mixed Platforms.Deploy.0 = Release|Any CPU
		{2D9337FC-689C-4C8B-A6C2-28F5E8BEFBFA}.Release|x86.ActiveCfg = Release|Any CPU
		{33AFFFA7-3EA8-4FC1-B7E7-2735CEA102DA}.Debug|Any CPU.ActiveCfg = Debug|Any CPU
		{33AFFFA7-3EA8-4FC1-B7E7-2735CEA102DA}.Debug|Any CPU.Build.0 = Debug|Any CPU
		{33AFFFA7-3EA8-4FC1-B7E7-2735CEA102DA}.Debug|Mixed Platforms.ActiveCfg = Debug|Any CPU
		{33AFFFA7-3EA8-4FC1-B7E7-2735CEA102DA}.Debug|Mixed Platforms.Build.0 = Debug|Any CPU
		{33AFFFA7-3EA8-4FC1-B7E7-2735CEA102DA}.Debug|x86.ActiveCfg = Debug|Any CPU
		{33AFFFA7-3EA8-4FC1-B7E7-2735CEA102DA}.Release|Any CPU.ActiveCfg = Release|Any CPU
		{33AFFFA7-3EA8-4FC1-B7E7-2735CEA102DA}.Release|Any CPU.Build.0 = Release|Any CPU
		{33AFFFA7-3EA8-4FC1-B7E7-2735CEA102DA}.Release|Mixed Platforms.ActiveCfg = Release|Any CPU
		{33AFFFA7-3EA8-4FC1-B7E7-2735CEA102DA}.Release|Mixed Platforms.Build.0 = Release|Any CPU
		{33AFFFA7-3EA8-4FC1-B7E7-2735CEA102DA}.Release|x86.ActiveCfg = Release|Any CPU
	EndGlobalSection
	GlobalSection(SolutionProperties) = preSolution
		HideSolutionNode = FALSE
	EndGlobalSection
	GlobalSection(NestedProjects) = preSolution
		{4CB395B8-F3BE-4138-B8C3-5A4DF4372964} = {5C0862DA-FB39-44CD-977E-50F93920C1DF}
		{A11BAAEF-2A29-44D3-AB4A-077CF6A200A1} = {5C0862DA-FB39-44CD-977E-50F93920C1DF}
		{36FFFA7E-1178-469E-BDBB-2144BA7561C2} = {5C0862DA-FB39-44CD-977E-50F93920C1DF}
		{A0F0A322-5372-4040-9394-EC661859A4F1} = {DEFD0E92-F666-414E-A96A-6A98B020277C}
		{2FE2D3CB-42B0-40F7-87C7-E0C53D38BF34} = {DEFD0E92-F666-414E-A96A-6A98B020277C}
		{2EC93CB5-6694-4B03-8DCF-BEB31720F2AF} = {DEFD0E92-F666-414E-A96A-6A98B020277C}
		{8EF12C16-7E36-4320-B9C1-F96FC8E671F9} = {DEFD0E92-F666-414E-A96A-6A98B020277C}
		{2D9337FC-689C-4C8B-A6C2-28F5E8BEFBFA} = {A092082B-48A9-4CA2-B052-8D0A6B92E18F}
		{33AFFFA7-3EA8-4FC1-B7E7-2735CEA102DA} = {A092082B-48A9-4CA2-B052-8D0A6B92E18F}
	EndGlobalSection
EndGlobal
