
Microsoft Visual Studio Solution File, Format Version 11.00
# Visual Studio 2010
Project("{FAE04EC0-301F-11D3-BF4B-00C04F79EFBC}") = "EHaskins.Utilities", "EHaskins.Utilities\EHaskins.Utilities.csproj", "{A0F0A322-5372-4040-9394-EC661859A4F1}"
EndProject
Project("{FAE04EC0-301F-11D3-BF4B-00C04F79EFBC}") = "EHaskins.Frc.DriverStationCli", "EHaskins.Frc.DriverStationCli\EHaskins.Frc.DriverStationCli.csproj", "{4CB395B8-F3BE-4138-B8C3-5A4DF4372964}"
EndProject
Project("{FAE04EC0-301F-11D3-BF4B-00C04F79EFBC}") = "EHaskins.Frc.Communication.Shared", "EHaskins.Frc.Communication.Shared\EHaskins.Frc.Communication.Shared.csproj", "{2EC93CB5-6694-4B03-8DCF-BEB31720F2AF}"
EndProject
Project("{FAE04EC0-301F-11D3-BF4B-00C04F79EFBC}") = "EHaskins.Next.RobotConfiguratorCli", "EHaskins.Next.RobotConfiguratorCli\EHaskins.Next.RobotConfiguratorCli.csproj", "{A11BAAEF-2A29-44D3-AB4A-077CF6A200A1}"
EndProject
Project("{FAE04EC0-301F-11D3-BF4B-00C04F79EFBC}") = "EHaskins.Frc.DriverStation", "EHaskins.Frc.DriverStation\EHaskins.Frc.DriverStation.csproj", "{0E74977B-481C-4A10-8DC7-2D3D12B9D408}"
EndProject
Project("{2150E333-8FDC-42A3-9474-1A3956D46DE8}") = "NetBot", "NetBot", "{A092082B-48A9-4CA2-B052-8D0A6B92E18F}"
EndProject
Project("{2150E333-8FDC-42A3-9474-1A3956D46DE8}") = "Library", "Library", "{DEFD0E92-F666-414E-A96A-6A98B020277C}"
EndProject
Project("{2150E333-8FDC-42A3-9474-1A3956D46DE8}") = "Cli", "Cli", "{5C0862DA-FB39-44CD-977E-50F93920C1DF}"
EndProject
Project("{FAE04EC0-301F-11D3-BF4B-00C04F79EFBC}") = "EHaskins.Frc.Communication.DriverStation", "EHaskins.Frc.Communication.DriverStation\EHaskins.Frc.Communication.DriverStation.csproj", "{1A9DD489-905A-4CED-BA17-CAFACD36604F}"
EndProject
Project("{FAE04EC0-301F-11D3-BF4B-00C04F79EFBC}") = "EHaskins.Frc.Communication.RobotConfig", "EHaskins.Frc.Communication.RobotConfig\EHaskins.Frc.Communication.RobotConfig.csproj", "{A6995CC8-EF11-4751-8411-D02EB794B7C6}"
EndProject
Project("{FAE04EC0-301F-11D3-BF4B-00C04F79EFBC}") = "EHaskins.Frc.NetBot", "EHaskins.Frc.NetBot\EHaskins.Frc.NetBot.csproj", "{2D9337FC-689C-4C8B-A6C2-28F5E8BEFBFA}"
EndProject
Project("{FAE04EC0-301F-11D3-BF4B-00C04F79EFBC}") = "EHaskins.Utilities-MF", "EHaskins.Utilities\EHaskins.Utilities-MF.csproj", "{0BBD57A5-12BA-4511-B874-F9BF8528AA36}"
EndProject
Project("{FAE04EC0-301F-11D3-BF4B-00C04F79EFBC}") = "EHaskins.Frc.Communication.Shared (MF)", "EHaskins.Frc.Communication.Shared\EHaskins.Frc.Communication.Shared (MF).csproj", "{D5CB3525-25F7-40A7-B128-E30194FF16E1}"
EndProject
Project("{FAE04EC0-301F-11D3-BF4B-00C04F79EFBC}") = "EHaskins.Frc.Communication.Robot(MF)", "EHaskins.Frc.Communication.Robot\EHaskins.Frc.Communication.Robot(MF).csproj", "{4384FA91-4CE6-41F0-8AC8-1CC828C18A23}"
EndProject
Project("{FAE04EC0-301F-11D3-BF4B-00C04F79EFBC}") = "NetworkTest", "NetworkTest\NetworkTest.csproj", "{A92B9A89-1EB6-4F65-AE8F-DC57FFF117CC}"
EndProject
Project("{FAE04EC0-301F-11D3-BF4B-00C04F79EFBC}") = "NetworkTestCli", "NetworkTestCli\NetworkTestCli.csproj", "{D6A61BAE-E39C-48E8-9F01-DC789FFD6887}"
EndProject
Project("{FAE04EC0-301F-11D3-BF4B-00C04F79EFBC}") = "EHaskins.Frc.LapBot", "EHaskins.Frc.LapBot\EHaskins.Frc.LapBot.csproj", "{E644737C-37E9-4653-B54A-CC14A8B613C5}"
EndProject
Project("{FAE04EC0-301F-11D3-BF4B-00C04F79EFBC}") = "EHaskins.Frc.Communication.Robot", "EHaskins.Frc.Communication.Robot\EHaskins.Frc.Communication.Robot.csproj", "{058334F9-9156-4FFF-858E-3FDB24648368}"
EndProject
Project("{FAE04EC0-301F-11D3-BF4B-00C04F79EFBC}") = "EStopTest", "EStopTest\EStopTest.csproj", "{492383B4-45F4-415A-9167-6EA6B729BB25}"
EndProject
Global
	GlobalSection(SolutionConfigurationPlatforms) = preSolution
		Debug|Any CPU = Debug|Any CPU
		Debug|Mixed Platforms = Debug|Mixed Platforms
		Debug|x86 = Debug|x86
		Release 2.0|Any CPU = Release 2.0|Any CPU
		Release 2.0|Mixed Platforms = Release 2.0|Mixed Platforms
		Release 2.0|x86 = Release 2.0|x86
		Release|Any CPU = Release|Any CPU
		Release|Mixed Platforms = Release|Mixed Platforms
		Release|x86 = Release|x86
	EndGlobalSection
	GlobalSection(ProjectConfigurationPlatforms) = postSolution
		{A0F0A322-5372-4040-9394-EC661859A4F1}.Debug|Any CPU.ActiveCfg = Debug|Any CPU
		{A0F0A322-5372-4040-9394-EC661859A4F1}.Debug|Any CPU.Build.0 = Debug|Any CPU
		{A0F0A322-5372-4040-9394-EC661859A4F1}.Debug|Mixed Platforms.ActiveCfg = Debug|x86
		{A0F0A322-5372-4040-9394-EC661859A4F1}.Debug|Mixed Platforms.Build.0 = Debug|x86
		{A0F0A322-5372-4040-9394-EC661859A4F1}.Debug|x86.ActiveCfg = Debug|x86
		{A0F0A322-5372-4040-9394-EC661859A4F1}.Debug|x86.Build.0 = Debug|x86
		{A0F0A322-5372-4040-9394-EC661859A4F1}.Release 2.0|Any CPU.ActiveCfg = Release|x86
		{A0F0A322-5372-4040-9394-EC661859A4F1}.Release 2.0|Mixed Platforms.ActiveCfg = Release|x86
		{A0F0A322-5372-4040-9394-EC661859A4F1}.Release 2.0|Mixed Platforms.Build.0 = Release|x86
		{A0F0A322-5372-4040-9394-EC661859A4F1}.Release 2.0|x86.ActiveCfg = Release|x86
		{A0F0A322-5372-4040-9394-EC661859A4F1}.Release 2.0|x86.Build.0 = Release|x86
		{A0F0A322-5372-4040-9394-EC661859A4F1}.Release|Any CPU.ActiveCfg = Release|Any CPU
		{A0F0A322-5372-4040-9394-EC661859A4F1}.Release|Any CPU.Build.0 = Release|Any CPU
		{A0F0A322-5372-4040-9394-EC661859A4F1}.Release|Mixed Platforms.ActiveCfg = Release|x86
		{A0F0A322-5372-4040-9394-EC661859A4F1}.Release|Mixed Platforms.Build.0 = Release|x86
		{A0F0A322-5372-4040-9394-EC661859A4F1}.Release|x86.ActiveCfg = Release|x86
		{A0F0A322-5372-4040-9394-EC661859A4F1}.Release|x86.Build.0 = Release|x86
		{4CB395B8-F3BE-4138-B8C3-5A4DF4372964}.Debug|Any CPU.ActiveCfg = Debug|x86
		{4CB395B8-F3BE-4138-B8C3-5A4DF4372964}.Debug|Any CPU.Build.0 = Debug|x86
		{4CB395B8-F3BE-4138-B8C3-5A4DF4372964}.Debug|Mixed Platforms.ActiveCfg = Debug|x86
		{4CB395B8-F3BE-4138-B8C3-5A4DF4372964}.Debug|Mixed Platforms.Build.0 = Debug|x86
		{4CB395B8-F3BE-4138-B8C3-5A4DF4372964}.Debug|x86.ActiveCfg = Debug|x86
		{4CB395B8-F3BE-4138-B8C3-5A4DF4372964}.Debug|x86.Build.0 = Debug|x86
		{4CB395B8-F3BE-4138-B8C3-5A4DF4372964}.Release 2.0|Any CPU.ActiveCfg = Release|x86
		{4CB395B8-F3BE-4138-B8C3-5A4DF4372964}.Release 2.0|Mixed Platforms.ActiveCfg = Release|x86
		{4CB395B8-F3BE-4138-B8C3-5A4DF4372964}.Release 2.0|Mixed Platforms.Build.0 = Release|x86
		{4CB395B8-F3BE-4138-B8C3-5A4DF4372964}.Release 2.0|x86.ActiveCfg = Release|x86
		{4CB395B8-F3BE-4138-B8C3-5A4DF4372964}.Release 2.0|x86.Build.0 = Release|x86
		{4CB395B8-F3BE-4138-B8C3-5A4DF4372964}.Release|Any CPU.ActiveCfg = Release|x86
		{4CB395B8-F3BE-4138-B8C3-5A4DF4372964}.Release|Mixed Platforms.ActiveCfg = Release|x86
		{4CB395B8-F3BE-4138-B8C3-5A4DF4372964}.Release|Mixed Platforms.Build.0 = Release|x86
		{4CB395B8-F3BE-4138-B8C3-5A4DF4372964}.Release|x86.ActiveCfg = Release|x86
		{4CB395B8-F3BE-4138-B8C3-5A4DF4372964}.Release|x86.Build.0 = Release|x86
		{2EC93CB5-6694-4B03-8DCF-BEB31720F2AF}.Debug|Any CPU.ActiveCfg = Debug|Any CPU
		{2EC93CB5-6694-4B03-8DCF-BEB31720F2AF}.Debug|Any CPU.Build.0 = Debug|Any CPU
		{2EC93CB5-6694-4B03-8DCF-BEB31720F2AF}.Debug|Mixed Platforms.ActiveCfg = Debug|Any CPU
		{2EC93CB5-6694-4B03-8DCF-BEB31720F2AF}.Debug|Mixed Platforms.Build.0 = Debug|Any CPU
		{2EC93CB5-6694-4B03-8DCF-BEB31720F2AF}.Debug|x86.ActiveCfg = Debug|Any CPU
		{2EC93CB5-6694-4B03-8DCF-BEB31720F2AF}.Release 2.0|Any CPU.ActiveCfg = Release|Any CPU
		{2EC93CB5-6694-4B03-8DCF-BEB31720F2AF}.Release 2.0|Any CPU.Build.0 = Release|Any CPU
		{2EC93CB5-6694-4B03-8DCF-BEB31720F2AF}.Release 2.0|Mixed Platforms.ActiveCfg = Release|Any CPU
		{2EC93CB5-6694-4B03-8DCF-BEB31720F2AF}.Release 2.0|Mixed Platforms.Build.0 = Release|Any CPU
		{2EC93CB5-6694-4B03-8DCF-BEB31720F2AF}.Release 2.0|x86.ActiveCfg = Release|Any CPU
		{2EC93CB5-6694-4B03-8DCF-BEB31720F2AF}.Release|Any CPU.ActiveCfg = Release|Any CPU
		{2EC93CB5-6694-4B03-8DCF-BEB31720F2AF}.Release|Any CPU.Build.0 = Release|Any CPU
		{2EC93CB5-6694-4B03-8DCF-BEB31720F2AF}.Release|Mixed Platforms.ActiveCfg = Release|Any CPU
		{2EC93CB5-6694-4B03-8DCF-BEB31720F2AF}.Release|Mixed Platforms.Build.0 = Release|Any CPU
		{2EC93CB5-6694-4B03-8DCF-BEB31720F2AF}.Release|x86.ActiveCfg = Release|Any CPU
		{A11BAAEF-2A29-44D3-AB4A-077CF6A200A1}.Debug|Any CPU.ActiveCfg = Debug|x86
		{A11BAAEF-2A29-44D3-AB4A-077CF6A200A1}.Debug|Any CPU.Build.0 = Debug|x86
		{A11BAAEF-2A29-44D3-AB4A-077CF6A200A1}.Debug|Mixed Platforms.ActiveCfg = Debug|x86
		{A11BAAEF-2A29-44D3-AB4A-077CF6A200A1}.Debug|Mixed Platforms.Build.0 = Debug|x86
		{A11BAAEF-2A29-44D3-AB4A-077CF6A200A1}.Debug|x86.ActiveCfg = Debug|x86
		{A11BAAEF-2A29-44D3-AB4A-077CF6A200A1}.Debug|x86.Build.0 = Debug|x86
		{A11BAAEF-2A29-44D3-AB4A-077CF6A200A1}.Release 2.0|Any CPU.ActiveCfg = Release|x86
		{A11BAAEF-2A29-44D3-AB4A-077CF6A200A1}.Release 2.0|Mixed Platforms.ActiveCfg = Release|x86
		{A11BAAEF-2A29-44D3-AB4A-077CF6A200A1}.Release 2.0|Mixed Platforms.Build.0 = Release|x86
		{A11BAAEF-2A29-44D3-AB4A-077CF6A200A1}.Release 2.0|x86.ActiveCfg = Release|x86
		{A11BAAEF-2A29-44D3-AB4A-077CF6A200A1}.Release 2.0|x86.Build.0 = Release|x86
		{A11BAAEF-2A29-44D3-AB4A-077CF6A200A1}.Release|Any CPU.ActiveCfg = Release|x86
		{A11BAAEF-2A29-44D3-AB4A-077CF6A200A1}.Release|Mixed Platforms.ActiveCfg = Release|x86
		{A11BAAEF-2A29-44D3-AB4A-077CF6A200A1}.Release|Mixed Platforms.Build.0 = Release|x86
		{A11BAAEF-2A29-44D3-AB4A-077CF6A200A1}.Release|x86.ActiveCfg = Release|x86
		{A11BAAEF-2A29-44D3-AB4A-077CF6A200A1}.Release|x86.Build.0 = Release|x86
		{0E74977B-481C-4A10-8DC7-2D3D12B9D408}.Debug|Any CPU.ActiveCfg = Debug|x86
		{0E74977B-481C-4A10-8DC7-2D3D12B9D408}.Debug|Any CPU.Build.0 = Debug|x86
		{0E74977B-481C-4A10-8DC7-2D3D12B9D408}.Debug|Mixed Platforms.ActiveCfg = Debug|x86
		{0E74977B-481C-4A10-8DC7-2D3D12B9D408}.Debug|Mixed Platforms.Build.0 = Debug|x86
		{0E74977B-481C-4A10-8DC7-2D3D12B9D408}.Debug|x86.ActiveCfg = Debug|x86
		{0E74977B-481C-4A10-8DC7-2D3D12B9D408}.Debug|x86.Build.0 = Debug|x86
		{0E74977B-481C-4A10-8DC7-2D3D12B9D408}.Release 2.0|Any CPU.ActiveCfg = Release|x86
		{0E74977B-481C-4A10-8DC7-2D3D12B9D408}.Release 2.0|Mixed Platforms.ActiveCfg = Release|x86
		{0E74977B-481C-4A10-8DC7-2D3D12B9D408}.Release 2.0|Mixed Platforms.Build.0 = Release|x86
		{0E74977B-481C-4A10-8DC7-2D3D12B9D408}.Release 2.0|x86.ActiveCfg = Release|x86
		{0E74977B-481C-4A10-8DC7-2D3D12B9D408}.Release 2.0|x86.Build.0 = Release|x86
		{0E74977B-481C-4A10-8DC7-2D3D12B9D408}.Release|Any CPU.ActiveCfg = Release|x86
		{0E74977B-481C-4A10-8DC7-2D3D12B9D408}.Release|Mixed Platforms.ActiveCfg = Release|x86
		{0E74977B-481C-4A10-8DC7-2D3D12B9D408}.Release|Mixed Platforms.Build.0 = Release|x86
		{0E74977B-481C-4A10-8DC7-2D3D12B9D408}.Release|x86.ActiveCfg = Release|x86
		{0E74977B-481C-4A10-8DC7-2D3D12B9D408}.Release|x86.Build.0 = Release|x86
		{1A9DD489-905A-4CED-BA17-CAFACD36604F}.Debug|Any CPU.ActiveCfg = Debug|Any CPU
		{1A9DD489-905A-4CED-BA17-CAFACD36604F}.Debug|Any CPU.Build.0 = Debug|Any CPU
		{1A9DD489-905A-4CED-BA17-CAFACD36604F}.Debug|Mixed Platforms.ActiveCfg = Debug|Any CPU
		{1A9DD489-905A-4CED-BA17-CAFACD36604F}.Debug|Mixed Platforms.Build.0 = Debug|Any CPU
		{1A9DD489-905A-4CED-BA17-CAFACD36604F}.Debug|x86.ActiveCfg = Debug|Any CPU
		{1A9DD489-905A-4CED-BA17-CAFACD36604F}.Release 2.0|Any CPU.ActiveCfg = Release|Any CPU
		{1A9DD489-905A-4CED-BA17-CAFACD36604F}.Release 2.0|Any CPU.Build.0 = Release|Any CPU
		{1A9DD489-905A-4CED-BA17-CAFACD36604F}.Release 2.0|Mixed Platforms.ActiveCfg = Release|Any CPU
		{1A9DD489-905A-4CED-BA17-CAFACD36604F}.Release 2.0|Mixed Platforms.Build.0 = Release|Any CPU
		{1A9DD489-905A-4CED-BA17-CAFACD36604F}.Release 2.0|x86.ActiveCfg = Release|Any CPU
		{1A9DD489-905A-4CED-BA17-CAFACD36604F}.Release|Any CPU.ActiveCfg = Release|Any CPU
		{1A9DD489-905A-4CED-BA17-CAFACD36604F}.Release|Any CPU.Build.0 = Release|Any CPU
		{1A9DD489-905A-4CED-BA17-CAFACD36604F}.Release|Mixed Platforms.ActiveCfg = Release|Any CPU
		{1A9DD489-905A-4CED-BA17-CAFACD36604F}.Release|Mixed Platforms.Build.0 = Release|Any CPU
		{1A9DD489-905A-4CED-BA17-CAFACD36604F}.Release|x86.ActiveCfg = Release|Any CPU
		{A6995CC8-EF11-4751-8411-D02EB794B7C6}.Debug|Any CPU.ActiveCfg = Debug|Any CPU
		{A6995CC8-EF11-4751-8411-D02EB794B7C6}.Debug|Any CPU.Build.0 = Debug|Any CPU
		{A6995CC8-EF11-4751-8411-D02EB794B7C6}.Debug|Mixed Platforms.ActiveCfg = Debug|Any CPU
		{A6995CC8-EF11-4751-8411-D02EB794B7C6}.Debug|Mixed Platforms.Build.0 = Debug|Any CPU
		{A6995CC8-EF11-4751-8411-D02EB794B7C6}.Debug|x86.ActiveCfg = Debug|Any CPU
		{A6995CC8-EF11-4751-8411-D02EB794B7C6}.Release 2.0|Any CPU.ActiveCfg = Release|Any CPU
		{A6995CC8-EF11-4751-8411-D02EB794B7C6}.Release 2.0|Any CPU.Build.0 = Release|Any CPU
		{A6995CC8-EF11-4751-8411-D02EB794B7C6}.Release 2.0|Mixed Platforms.ActiveCfg = Release|Any CPU
		{A6995CC8-EF11-4751-8411-D02EB794B7C6}.Release 2.0|Mixed Platforms.Build.0 = Release|Any CPU
		{A6995CC8-EF11-4751-8411-D02EB794B7C6}.Release 2.0|x86.ActiveCfg = Release|Any CPU
		{A6995CC8-EF11-4751-8411-D02EB794B7C6}.Release|Any CPU.ActiveCfg = Release|Any CPU
		{A6995CC8-EF11-4751-8411-D02EB794B7C6}.Release|Any CPU.Build.0 = Release|Any CPU
		{A6995CC8-EF11-4751-8411-D02EB794B7C6}.Release|Mixed Platforms.ActiveCfg = Release|Any CPU
		{A6995CC8-EF11-4751-8411-D02EB794B7C6}.Release|Mixed Platforms.Build.0 = Release|Any CPU
		{A6995CC8-EF11-4751-8411-D02EB794B7C6}.Release|x86.ActiveCfg = Release|Any CPU
		{2D9337FC-689C-4C8B-A6C2-28F5E8BEFBFA}.Debug|Any CPU.ActiveCfg = Debug|Any CPU
		{2D9337FC-689C-4C8B-A6C2-28F5E8BEFBFA}.Debug|Any CPU.Build.0 = Debug|Any CPU
		{2D9337FC-689C-4C8B-A6C2-28F5E8BEFBFA}.Debug|Any CPU.Deploy.0 = Debug|Any CPU
		{2D9337FC-689C-4C8B-A6C2-28F5E8BEFBFA}.Debug|Mixed Platforms.ActiveCfg = Debug|Any CPU
		{2D9337FC-689C-4C8B-A6C2-28F5E8BEFBFA}.Debug|Mixed Platforms.Build.0 = Debug|Any CPU
		{2D9337FC-689C-4C8B-A6C2-28F5E8BEFBFA}.Debug|Mixed Platforms.Deploy.0 = Debug|Any CPU
		{2D9337FC-689C-4C8B-A6C2-28F5E8BEFBFA}.Debug|x86.ActiveCfg = Debug|Any CPU
		{2D9337FC-689C-4C8B-A6C2-28F5E8BEFBFA}.Release 2.0|Any CPU.ActiveCfg = Release|Any CPU
		{2D9337FC-689C-4C8B-A6C2-28F5E8BEFBFA}.Release 2.0|Any CPU.Build.0 = Release|Any CPU
		{2D9337FC-689C-4C8B-A6C2-28F5E8BEFBFA}.Release 2.0|Any CPU.Deploy.0 = Release|Any CPU
		{2D9337FC-689C-4C8B-A6C2-28F5E8BEFBFA}.Release 2.0|Mixed Platforms.ActiveCfg = Release|Any CPU
		{2D9337FC-689C-4C8B-A6C2-28F5E8BEFBFA}.Release 2.0|Mixed Platforms.Build.0 = Release|Any CPU
		{2D9337FC-689C-4C8B-A6C2-28F5E8BEFBFA}.Release 2.0|Mixed Platforms.Deploy.0 = Release|Any CPU
		{2D9337FC-689C-4C8B-A6C2-28F5E8BEFBFA}.Release 2.0|x86.ActiveCfg = Release|Any CPU
		{2D9337FC-689C-4C8B-A6C2-28F5E8BEFBFA}.Release|Any CPU.ActiveCfg = Release|Any CPU
		{2D9337FC-689C-4C8B-A6C2-28F5E8BEFBFA}.Release|Any CPU.Build.0 = Release|Any CPU
		{2D9337FC-689C-4C8B-A6C2-28F5E8BEFBFA}.Release|Any CPU.Deploy.0 = Release|Any CPU
		{2D9337FC-689C-4C8B-A6C2-28F5E8BEFBFA}.Release|Mixed Platforms.ActiveCfg = Release|Any CPU
		{2D9337FC-689C-4C8B-A6C2-28F5E8BEFBFA}.Release|Mixed Platforms.Build.0 = Release|Any CPU
		{2D9337FC-689C-4C8B-A6C2-28F5E8BEFBFA}.Release|Mixed Platforms.Deploy.0 = Release|Any CPU
		{2D9337FC-689C-4C8B-A6C2-28F5E8BEFBFA}.Release|x86.ActiveCfg = Release|Any CPU
		{0BBD57A5-12BA-4511-B874-F9BF8528AA36}.Debug|Any CPU.ActiveCfg = Debug|Any CPU
		{0BBD57A5-12BA-4511-B874-F9BF8528AA36}.Debug|Any CPU.Build.0 = Debug|Any CPU
		{0BBD57A5-12BA-4511-B874-F9BF8528AA36}.Debug|Mixed Platforms.ActiveCfg = Debug|Any CPU
		{0BBD57A5-12BA-4511-B874-F9BF8528AA36}.Debug|Mixed Platforms.Build.0 = Debug|Any CPU
		{0BBD57A5-12BA-4511-B874-F9BF8528AA36}.Debug|x86.ActiveCfg = Debug|Any CPU
		{0BBD57A5-12BA-4511-B874-F9BF8528AA36}.Release 2.0|Any CPU.ActiveCfg = Release|Any CPU
		{0BBD57A5-12BA-4511-B874-F9BF8528AA36}.Release 2.0|Any CPU.Build.0 = Release|Any CPU
		{0BBD57A5-12BA-4511-B874-F9BF8528AA36}.Release 2.0|Mixed Platforms.ActiveCfg = Release|Any CPU
		{0BBD57A5-12BA-4511-B874-F9BF8528AA36}.Release 2.0|Mixed Platforms.Build.0 = Release|Any CPU
		{0BBD57A5-12BA-4511-B874-F9BF8528AA36}.Release 2.0|x86.ActiveCfg = Release|Any CPU
		{0BBD57A5-12BA-4511-B874-F9BF8528AA36}.Release|Any CPU.ActiveCfg = Release|Any CPU
		{0BBD57A5-12BA-4511-B874-F9BF8528AA36}.Release|Any CPU.Build.0 = Release|Any CPU
		{0BBD57A5-12BA-4511-B874-F9BF8528AA36}.Release|Mixed Platforms.ActiveCfg = Release|Any CPU
		{0BBD57A5-12BA-4511-B874-F9BF8528AA36}.Release|Mixed Platforms.Build.0 = Release|Any CPU
		{0BBD57A5-12BA-4511-B874-F9BF8528AA36}.Release|x86.ActiveCfg = Release|Any CPU
		{D5CB3525-25F7-40A7-B128-E30194FF16E1}.Debug|Any CPU.ActiveCfg = Debug|Any CPU
		{D5CB3525-25F7-40A7-B128-E30194FF16E1}.Debug|Any CPU.Build.0 = Debug|Any CPU
		{D5CB3525-25F7-40A7-B128-E30194FF16E1}.Debug|Mixed Platforms.ActiveCfg = Debug|Any CPU
		{D5CB3525-25F7-40A7-B128-E30194FF16E1}.Debug|Mixed Platforms.Build.0 = Debug|Any CPU
		{D5CB3525-25F7-40A7-B128-E30194FF16E1}.Debug|x86.ActiveCfg = Debug|Any CPU
		{D5CB3525-25F7-40A7-B128-E30194FF16E1}.Release 2.0|Any CPU.ActiveCfg = Release|Any CPU
		{D5CB3525-25F7-40A7-B128-E30194FF16E1}.Release 2.0|Any CPU.Build.0 = Release|Any CPU
		{D5CB3525-25F7-40A7-B128-E30194FF16E1}.Release 2.0|Mixed Platforms.ActiveCfg = Release|Any CPU
		{D5CB3525-25F7-40A7-B128-E30194FF16E1}.Release 2.0|Mixed Platforms.Build.0 = Release|Any CPU
		{D5CB3525-25F7-40A7-B128-E30194FF16E1}.Release 2.0|x86.ActiveCfg = Release|Any CPU
		{D5CB3525-25F7-40A7-B128-E30194FF16E1}.Release|Any CPU.ActiveCfg = Release|Any CPU
		{D5CB3525-25F7-40A7-B128-E30194FF16E1}.Release|Any CPU.Build.0 = Release|Any CPU
		{D5CB3525-25F7-40A7-B128-E30194FF16E1}.Release|Mixed Platforms.ActiveCfg = Release|Any CPU
		{D5CB3525-25F7-40A7-B128-E30194FF16E1}.Release|Mixed Platforms.Build.0 = Release|Any CPU
		{D5CB3525-25F7-40A7-B128-E30194FF16E1}.Release|x86.ActiveCfg = Release|Any CPU
		{4384FA91-4CE6-41F0-8AC8-1CC828C18A23}.Debug|Any CPU.ActiveCfg = Debug|Any CPU
		{4384FA91-4CE6-41F0-8AC8-1CC828C18A23}.Debug|Any CPU.Build.0 = Debug|Any CPU
		{4384FA91-4CE6-41F0-8AC8-1CC828C18A23}.Debug|Mixed Platforms.ActiveCfg = Debug|Any CPU
		{4384FA91-4CE6-41F0-8AC8-1CC828C18A23}.Debug|Mixed Platforms.Build.0 = Debug|Any CPU
		{4384FA91-4CE6-41F0-8AC8-1CC828C18A23}.Debug|x86.ActiveCfg = Debug|Any CPU
		{4384FA91-4CE6-41F0-8AC8-1CC828C18A23}.Release 2.0|Any CPU.ActiveCfg = Release|Any CPU
		{4384FA91-4CE6-41F0-8AC8-1CC828C18A23}.Release 2.0|Any CPU.Build.0 = Release|Any CPU
		{4384FA91-4CE6-41F0-8AC8-1CC828C18A23}.Release 2.0|Mixed Platforms.ActiveCfg = Release|Any CPU
		{4384FA91-4CE6-41F0-8AC8-1CC828C18A23}.Release 2.0|Mixed Platforms.Build.0 = Release|Any CPU
		{4384FA91-4CE6-41F0-8AC8-1CC828C18A23}.Release 2.0|x86.ActiveCfg = Release|Any CPU
		{4384FA91-4CE6-41F0-8AC8-1CC828C18A23}.Release|Any CPU.ActiveCfg = Release|Any CPU
		{4384FA91-4CE6-41F0-8AC8-1CC828C18A23}.Release|Any CPU.Build.0 = Release|Any CPU
		{4384FA91-4CE6-41F0-8AC8-1CC828C18A23}.Release|Mixed Platforms.ActiveCfg = Release|Any CPU
		{4384FA91-4CE6-41F0-8AC8-1CC828C18A23}.Release|Mixed Platforms.Build.0 = Release|Any CPU
		{4384FA91-4CE6-41F0-8AC8-1CC828C18A23}.Release|x86.ActiveCfg = Release|Any CPU
		{A92B9A89-1EB6-4F65-AE8F-DC57FFF117CC}.Debug|Any CPU.ActiveCfg = Debug|Any CPU
		{A92B9A89-1EB6-4F65-AE8F-DC57FFF117CC}.Debug|Any CPU.Build.0 = Debug|Any CPU
		{A92B9A89-1EB6-4F65-AE8F-DC57FFF117CC}.Debug|Any CPU.Deploy.0 = Debug|Any CPU
		{A92B9A89-1EB6-4F65-AE8F-DC57FFF117CC}.Debug|Mixed Platforms.ActiveCfg = Debug|Any CPU
		{A92B9A89-1EB6-4F65-AE8F-DC57FFF117CC}.Debug|Mixed Platforms.Build.0 = Debug|Any CPU
		{A92B9A89-1EB6-4F65-AE8F-DC57FFF117CC}.Debug|Mixed Platforms.Deploy.0 = Debug|Any CPU
		{A92B9A89-1EB6-4F65-AE8F-DC57FFF117CC}.Debug|x86.ActiveCfg = Debug|Any CPU
		{A92B9A89-1EB6-4F65-AE8F-DC57FFF117CC}.Release 2.0|Any CPU.ActiveCfg = Release|Any CPU
		{A92B9A89-1EB6-4F65-AE8F-DC57FFF117CC}.Release 2.0|Any CPU.Build.0 = Release|Any CPU
		{A92B9A89-1EB6-4F65-AE8F-DC57FFF117CC}.Release 2.0|Any CPU.Deploy.0 = Release|Any CPU
		{A92B9A89-1EB6-4F65-AE8F-DC57FFF117CC}.Release 2.0|Mixed Platforms.ActiveCfg = Release|Any CPU
		{A92B9A89-1EB6-4F65-AE8F-DC57FFF117CC}.Release 2.0|Mixed Platforms.Build.0 = Release|Any CPU
		{A92B9A89-1EB6-4F65-AE8F-DC57FFF117CC}.Release 2.0|Mixed Platforms.Deploy.0 = Release|Any CPU
		{A92B9A89-1EB6-4F65-AE8F-DC57FFF117CC}.Release 2.0|x86.ActiveCfg = Release|Any CPU
		{A92B9A89-1EB6-4F65-AE8F-DC57FFF117CC}.Release|Any CPU.ActiveCfg = Release|Any CPU
		{A92B9A89-1EB6-4F65-AE8F-DC57FFF117CC}.Release|Any CPU.Build.0 = Release|Any CPU
		{A92B9A89-1EB6-4F65-AE8F-DC57FFF117CC}.Release|Any CPU.Deploy.0 = Release|Any CPU
		{A92B9A89-1EB6-4F65-AE8F-DC57FFF117CC}.Release|Mixed Platforms.ActiveCfg = Release|Any CPU
		{A92B9A89-1EB6-4F65-AE8F-DC57FFF117CC}.Release|Mixed Platforms.Build.0 = Release|Any CPU
		{A92B9A89-1EB6-4F65-AE8F-DC57FFF117CC}.Release|Mixed Platforms.Deploy.0 = Release|Any CPU
		{A92B9A89-1EB6-4F65-AE8F-DC57FFF117CC}.Release|x86.ActiveCfg = Release|Any CPU
		{D6A61BAE-E39C-48E8-9F01-DC789FFD6887}.Debug|Any CPU.ActiveCfg = Debug|x86
		{D6A61BAE-E39C-48E8-9F01-DC789FFD6887}.Debug|Mixed Platforms.ActiveCfg = Debug|x86
		{D6A61BAE-E39C-48E8-9F01-DC789FFD6887}.Debug|Mixed Platforms.Build.0 = Debug|x86
		{D6A61BAE-E39C-48E8-9F01-DC789FFD6887}.Debug|x86.ActiveCfg = Debug|x86
		{D6A61BAE-E39C-48E8-9F01-DC789FFD6887}.Debug|x86.Build.0 = Debug|x86
		{D6A61BAE-E39C-48E8-9F01-DC789FFD6887}.Release 2.0|Any CPU.ActiveCfg = Release|x86
		{D6A61BAE-E39C-48E8-9F01-DC789FFD6887}.Release 2.0|Mixed Platforms.ActiveCfg = Release|x86
		{D6A61BAE-E39C-48E8-9F01-DC789FFD6887}.Release 2.0|Mixed Platforms.Build.0 = Release|x86
		{D6A61BAE-E39C-48E8-9F01-DC789FFD6887}.Release 2.0|x86.ActiveCfg = Release|x86
		{D6A61BAE-E39C-48E8-9F01-DC789FFD6887}.Release 2.0|x86.Build.0 = Release|x86
		{D6A61BAE-E39C-48E8-9F01-DC789FFD6887}.Release|Any CPU.ActiveCfg = Release|x86
		{D6A61BAE-E39C-48E8-9F01-DC789FFD6887}.Release|Mixed Platforms.ActiveCfg = Release|x86
		{D6A61BAE-E39C-48E8-9F01-DC789FFD6887}.Release|Mixed Platforms.Build.0 = Release|x86
		{D6A61BAE-E39C-48E8-9F01-DC789FFD6887}.Release|x86.ActiveCfg = Release|x86
		{D6A61BAE-E39C-48E8-9F01-DC789FFD6887}.Release|x86.Build.0 = Release|x86
		{E644737C-37E9-4653-B54A-CC14A8B613C5}.Debug|Any CPU.ActiveCfg = Debug|x86
		{E644737C-37E9-4653-B54A-CC14A8B613C5}.Debug|Mixed Platforms.ActiveCfg = Debug|x86
		{E644737C-37E9-4653-B54A-CC14A8B613C5}.Debug|Mixed Platforms.Build.0 = Debug|x86
		{E644737C-37E9-4653-B54A-CC14A8B613C5}.Debug|x86.ActiveCfg = Debug|x86
		{E644737C-37E9-4653-B54A-CC14A8B613C5}.Debug|x86.Build.0 = Debug|x86
		{E644737C-37E9-4653-B54A-CC14A8B613C5}.Release 2.0|Any CPU.ActiveCfg = Release|x86
		{E644737C-37E9-4653-B54A-CC14A8B613C5}.Release 2.0|Mixed Platforms.ActiveCfg = Release|x86
		{E644737C-37E9-4653-B54A-CC14A8B613C5}.Release 2.0|Mixed Platforms.Build.0 = Release|x86
		{E644737C-37E9-4653-B54A-CC14A8B613C5}.Release 2.0|x86.ActiveCfg = Release|x86
		{E644737C-37E9-4653-B54A-CC14A8B613C5}.Release 2.0|x86.Build.0 = Release|x86
		{E644737C-37E9-4653-B54A-CC14A8B613C5}.Release|Any CPU.ActiveCfg = Release|x86
		{E644737C-37E9-4653-B54A-CC14A8B613C5}.Release|Mixed Platforms.ActiveCfg = Release|x86
		{E644737C-37E9-4653-B54A-CC14A8B613C5}.Release|Mixed Platforms.Build.0 = Release|x86
		{E644737C-37E9-4653-B54A-CC14A8B613C5}.Release|x86.ActiveCfg = Release|x86
		{E644737C-37E9-4653-B54A-CC14A8B613C5}.Release|x86.Build.0 = Release|x86
		{058334F9-9156-4FFF-858E-3FDB24648368}.Debug|Any CPU.ActiveCfg = Debug|Any CPU
		{058334F9-9156-4FFF-858E-3FDB24648368}.Debug|Any CPU.Build.0 = Debug|Any CPU
		{058334F9-9156-4FFF-858E-3FDB24648368}.Debug|Mixed Platforms.ActiveCfg = Debug|Any CPU
		{058334F9-9156-4FFF-858E-3FDB24648368}.Debug|Mixed Platforms.Build.0 = Debug|Any CPU
		{058334F9-9156-4FFF-858E-3FDB24648368}.Debug|x86.ActiveCfg = Debug|Any CPU
		{058334F9-9156-4FFF-858E-3FDB24648368}.Release 2.0|Any CPU.ActiveCfg = Release|Any CPU
		{058334F9-9156-4FFF-858E-3FDB24648368}.Release 2.0|Any CPU.Build.0 = Release|Any CPU
		{058334F9-9156-4FFF-858E-3FDB24648368}.Release 2.0|Mixed Platforms.ActiveCfg = Release|Any CPU
		{058334F9-9156-4FFF-858E-3FDB24648368}.Release 2.0|Mixed Platforms.Build.0 = Release|Any CPU
		{058334F9-9156-4FFF-858E-3FDB24648368}.Release 2.0|x86.ActiveCfg = Release|Any CPU
		{058334F9-9156-4FFF-858E-3FDB24648368}.Release|Any CPU.ActiveCfg = Release|Any CPU
		{058334F9-9156-4FFF-858E-3FDB24648368}.Release|Any CPU.Build.0 = Release|Any CPU
		{058334F9-9156-4FFF-858E-3FDB24648368}.Release|Mixed Platforms.ActiveCfg = Release|Any CPU
		{058334F9-9156-4FFF-858E-3FDB24648368}.Release|Mixed Platforms.Build.0 = Release|Any CPU
		{058334F9-9156-4FFF-858E-3FDB24648368}.Release|x86.ActiveCfg = Release|Any CPU
		{492383B4-45F4-415A-9167-6EA6B729BB25}.Debug|Any CPU.ActiveCfg = Debug|x86
		{492383B4-45F4-415A-9167-6EA6B729BB25}.Debug|Mixed Platforms.ActiveCfg = Debug|x86
		{492383B4-45F4-415A-9167-6EA6B729BB25}.Debug|Mixed Platforms.Build.0 = Debug|x86
		{492383B4-45F4-415A-9167-6EA6B729BB25}.Debug|x86.ActiveCfg = Debug|x86
		{492383B4-45F4-415A-9167-6EA6B729BB25}.Debug|x86.Build.0 = Debug|x86
		{492383B4-45F4-415A-9167-6EA6B729BB25}.Release 2.0|Any CPU.ActiveCfg = Release|x86
		{492383B4-45F4-415A-9167-6EA6B729BB25}.Release 2.0|Mixed Platforms.ActiveCfg = Release|x86
		{492383B4-45F4-415A-9167-6EA6B729BB25}.Release 2.0|Mixed Platforms.Build.0 = Release|x86
		{492383B4-45F4-415A-9167-6EA6B729BB25}.Release 2.0|x86.ActiveCfg = Release|x86
		{492383B4-45F4-415A-9167-6EA6B729BB25}.Release 2.0|x86.Build.0 = Release|x86
		{492383B4-45F4-415A-9167-6EA6B729BB25}.Release|Any CPU.ActiveCfg = Release|x86
		{492383B4-45F4-415A-9167-6EA6B729BB25}.Release|Mixed Platforms.ActiveCfg = Release|x86
		{492383B4-45F4-415A-9167-6EA6B729BB25}.Release|Mixed Platforms.Build.0 = Release|x86
		{492383B4-45F4-415A-9167-6EA6B729BB25}.Release|x86.ActiveCfg = Release|x86
		{492383B4-45F4-415A-9167-6EA6B729BB25}.Release|x86.Build.0 = Release|x86
	EndGlobalSection
	GlobalSection(SolutionProperties) = preSolution
		HideSolutionNode = FALSE
	EndGlobalSection
	GlobalSection(NestedProjects) = preSolution
		{2EC93CB5-6694-4B03-8DCF-BEB31720F2AF} = {DEFD0E92-F666-414E-A96A-6A98B020277C}
		{A0F0A322-5372-4040-9394-EC661859A4F1} = {DEFD0E92-F666-414E-A96A-6A98B020277C}
		{1A9DD489-905A-4CED-BA17-CAFACD36604F} = {DEFD0E92-F666-414E-A96A-6A98B020277C}
		{A6995CC8-EF11-4751-8411-D02EB794B7C6} = {DEFD0E92-F666-414E-A96A-6A98B020277C}
		{058334F9-9156-4FFF-858E-3FDB24648368} = {DEFD0E92-F666-414E-A96A-6A98B020277C}
		{A11BAAEF-2A29-44D3-AB4A-077CF6A200A1} = {5C0862DA-FB39-44CD-977E-50F93920C1DF}
		{4CB395B8-F3BE-4138-B8C3-5A4DF4372964} = {5C0862DA-FB39-44CD-977E-50F93920C1DF}
		{492383B4-45F4-415A-9167-6EA6B729BB25} = {5C0862DA-FB39-44CD-977E-50F93920C1DF}
		{2D9337FC-689C-4C8B-A6C2-28F5E8BEFBFA} = {A092082B-48A9-4CA2-B052-8D0A6B92E18F}
		{0BBD57A5-12BA-4511-B874-F9BF8528AA36} = {A092082B-48A9-4CA2-B052-8D0A6B92E18F}
		{D5CB3525-25F7-40A7-B128-E30194FF16E1} = {A092082B-48A9-4CA2-B052-8D0A6B92E18F}
		{4384FA91-4CE6-41F0-8AC8-1CC828C18A23} = {A092082B-48A9-4CA2-B052-8D0A6B92E18F}
		{A92B9A89-1EB6-4F65-AE8F-DC57FFF117CC} = {A092082B-48A9-4CA2-B052-8D0A6B92E18F}
		{D6A61BAE-E39C-48E8-9F01-DC789FFD6887} = {A092082B-48A9-4CA2-B052-8D0A6B92E18F}
	EndGlobalSection
EndGlobal
